
Microsoft Visual Studio Solution File, Format Version 12.00
# Visual Studio 2012
Project("{FAE04EC0-301F-11D3-BF4B-00C04F79EFBC}") = "DotZ.8.1", "DotZ\DotZ.8.1.csproj", "{B9F70CBC-8A4B-4251-977B-C334D71B6EF7}"
EndProject
Project("{FAE04EC0-301F-11D3-BF4B-00C04F79EFBC}") = "System.Zones", "System.Zones\System.Zones.csproj", "{E0155FF4-B44A-40E7-9ADE-4717885C2364}"
EndProject
Project("{FAE04EC0-301F-11D3-BF4B-00C04F79EFBC}") = "DotZForMef", "DotZForMef\DotZForMef.csproj", "{494875CB-D377-4DFC-AC91-73C1EFF91F03}"
EndProject
Project("{FAE04EC0-301F-11D3-BF4B-00C04F79EFBC}") = "DotZ.8.2", "DotZ\DotZ.8.2.csproj", "{47A791FA-1C7E-409D-8C58-0467EF6813D7}"
EndProject
Global
	GlobalSection(SolutionConfigurationPlatforms) = preSolution
		Debug|Any CPU = Debug|Any CPU
		Release|Any CPU = Release|Any CPU
	EndGlobalSection
	GlobalSection(ProjectConfigurationPlatforms) = postSolution
		{B9F70CBC-8A4B-4251-977B-C334D71B6EF7}.Debug|Any CPU.ActiveCfg = Debug|Any CPU
		{B9F70CBC-8A4B-4251-977B-C334D71B6EF7}.Debug|Any CPU.Build.0 = Debug|Any CPU
		{B9F70CBC-8A4B-4251-977B-C334D71B6EF7}.Release|Any CPU.ActiveCfg = Release|Any CPU
		{B9F70CBC-8A4B-4251-977B-C334D71B6EF7}.Release|Any CPU.Build.0 = Release|Any CPU
		{E0155FF4-B44A-40E7-9ADE-4717885C2364}.Debug|Any CPU.ActiveCfg = Debug|Any CPU
		{E0155FF4-B44A-40E7-9ADE-4717885C2364}.Debug|Any CPU.Build.0 = Debug|Any CPU
		{E0155FF4-B44A-40E7-9ADE-4717885C2364}.Release|Any CPU.ActiveCfg = Release|Any CPU
		{E0155FF4-B44A-40E7-9ADE-4717885C2364}.Release|Any CPU.Build.0 = Release|Any CPU
		{494875CB-D377-4DFC-AC91-73C1EFF91F03}.Debug|Any CPU.ActiveCfg = Debug|Any CPU
		{494875CB-D377-4DFC-AC91-73C1EFF91F03}.Debug|Any CPU.Build.0 = Debug|Any CPU
		{494875CB-D377-4DFC-AC91-73C1EFF91F03}.Release|Any CPU.ActiveCfg = Release|Any CPU
		{494875CB-D377-4DFC-AC91-73C1EFF91F03}.Release|Any CPU.Build.0 = Release|Any CPU
		{47A791FA-1C7E-409D-8C58-0467EF6813D7}.Debug|Any CPU.ActiveCfg = Debug|Any CPU
		{47A791FA-1C7E-409D-8C58-0467EF6813D7}.Debug|Any CPU.Build.0 = Debug|Any CPU
		{47A791FA-1C7E-409D-8C58-0467EF6813D7}.Release|Any CPU.ActiveCfg = Release|Any CPU
		{47A791FA-1C7E-409D-8C58-0467EF6813D7}.Release|Any CPU.Build.0 = Release|Any CPU
	EndGlobalSection
	GlobalSection(SolutionProperties) = preSolution
		HideSolutionNode = FALSE
	EndGlobalSection
EndGlobal
